
Microsoft Visual Studio Solution File, Format Version 12.00
# Visual Studio Version 16
VisualStudioVersion = 16.0.29926.136
MinimumVisualStudioVersion = 10.0.40219.1
Project("{FAE04EC0-301F-11D3-BF4B-00C04F79EFBC}") = "MyVeterinary.Common", "MyVeterinary.Common\MyVeterinary.Common.csproj", "{D4DB57EE-A4B5-43BB-807D-300ABC7783C8}"
EndProject
Project("{FAE04EC0-301F-11D3-BF4B-00C04F79EFBC}") = "MyVeterinary.Web", "MyVeterinary.Web\MyVeterinary.Web.csproj", "{3759902A-1BBB-4088-96ED-C31BF664FC22}"
EndProject
Global
	GlobalSection(SolutionConfigurationPlatforms) = preSolution
		Debug|Any CPU = Debug|Any CPU
		Release|Any CPU = Release|Any CPU
	EndGlobalSection
	GlobalSection(ProjectConfigurationPlatforms) = postSolution
		{D4DB57EE-A4B5-43BB-807D-300ABC7783C8}.Debug|Any CPU.ActiveCfg = Debug|Any CPU
		{D4DB57EE-A4B5-43BB-807D-300ABC7783C8}.Debug|Any CPU.Build.0 = Debug|Any CPU
		{D4DB57EE-A4B5-43BB-807D-300ABC7783C8}.Release|Any CPU.ActiveCfg = Release|Any CPU
		{D4DB57EE-A4B5-43BB-807D-300ABC7783C8}.Release|Any CPU.Build.0 = Release|Any CPU
		{3759902A-1BBB-4088-96ED-C31BF664FC22}.Debug|Any CPU.ActiveCfg = Debug|Any CPU
		{3759902A-1BBB-4088-96ED-C31BF664FC22}.Debug|Any CPU.Build.0 = Debug|Any CPU
		{3759902A-1BBB-4088-96ED-C31BF664FC22}.Release|Any CPU.ActiveCfg = Release|Any CPU
		{3759902A-1BBB-4088-96ED-C31BF664FC22}.Release|Any CPU.Build.0 = Release|Any CPU
	EndGlobalSection
	GlobalSection(SolutionProperties) = preSolution
		HideSolutionNode = FALSE
	EndGlobalSection
	GlobalSection(ExtensibilityGlobals) = postSolution
		SolutionGuid = {6BB67806-BB4D-4FE4-87D8-0B0435716DB6}
	EndGlobalSection
EndGlobal
